
Microsoft Visual Studio Solution File, Format Version 12.00
Project("{2150E333-8FDC-42A3-9474-1A3956D46DE8}") = "Core", "Core", "{6F6607B6-89B6-477D-B528-2AF9E394CE04}"
EndProject
Project("{2150E333-8FDC-42A3-9474-1A3956D46DE8}") = "Infrastructure", "Infrastructure", "{33FE39B7-CAFF-4D84-8ED7-1A6C2C667867}"
EndProject
Project("{2150E333-8FDC-42A3-9474-1A3956D46DE8}") = "Presentation", "Presentation", "{D02878E0-C86F-42A8-9A35-949F2BE5EF0B}"
EndProject
Project("{FAE04EC0-301F-11D3-BF4B-00C04F79EFBC}") = "Todo.Domain", "Todo.Domain\Todo.Domain.csproj", "{2DFBEE63-4FCF-4743-A5CE-273545EF566F}"
EndProject
Project("{FAE04EC0-301F-11D3-BF4B-00C04F79EFBC}") = "TodoApp.Application", "TodoApp.Application\TodoApp.Application.csproj", "{5FC5C723-1631-4501-90CA-A690A92F433E}"
EndProject
Project("{FAE04EC0-301F-11D3-BF4B-00C04F79EFBC}") = "TodoApp.Persistence", "TodoApp.Persistence\TodoApp.Persistence.csproj", "{CE16D145-5A7B-48BF-A7C4-037D734D40C4}"
EndProject
Project("{FAE04EC0-301F-11D3-BF4B-00C04F79EFBC}") = "TodoApp.WebApi", "TodoApp.WebApi\TodoApp.WebApi.csproj", "{1B828DBC-7AB2-417F-8EEF-1C8D252358B2}"
EndProject
Global
	GlobalSection(SolutionConfigurationPlatforms) = preSolution
		Debug|Any CPU = Debug|Any CPU
		Release|Any CPU = Release|Any CPU
	EndGlobalSection
	GlobalSection(ProjectConfigurationPlatforms) = postSolution
		{2DFBEE63-4FCF-4743-A5CE-273545EF566F}.Debug|Any CPU.ActiveCfg = Debug|Any CPU
		{2DFBEE63-4FCF-4743-A5CE-273545EF566F}.Debug|Any CPU.Build.0 = Debug|Any CPU
		{2DFBEE63-4FCF-4743-A5CE-273545EF566F}.Release|Any CPU.ActiveCfg = Release|Any CPU
		{2DFBEE63-4FCF-4743-A5CE-273545EF566F}.Release|Any CPU.Build.0 = Release|Any CPU
		{5FC5C723-1631-4501-90CA-A690A92F433E}.Debug|Any CPU.ActiveCfg = Debug|Any CPU
		{5FC5C723-1631-4501-90CA-A690A92F433E}.Debug|Any CPU.Build.0 = Debug|Any CPU
		{5FC5C723-1631-4501-90CA-A690A92F433E}.Release|Any CPU.ActiveCfg = Release|Any CPU
		{5FC5C723-1631-4501-90CA-A690A92F433E}.Release|Any CPU.Build.0 = Release|Any CPU
		{CE16D145-5A7B-48BF-A7C4-037D734D40C4}.Debug|Any CPU.ActiveCfg = Debug|Any CPU
		{CE16D145-5A7B-48BF-A7C4-037D734D40C4}.Debug|Any CPU.Build.0 = Debug|Any CPU
		{CE16D145-5A7B-48BF-A7C4-037D734D40C4}.Release|Any CPU.ActiveCfg = Release|Any CPU
		{CE16D145-5A7B-48BF-A7C4-037D734D40C4}.Release|Any CPU.Build.0 = Release|Any CPU
		{1B828DBC-7AB2-417F-8EEF-1C8D252358B2}.Debug|Any CPU.ActiveCfg = Debug|Any CPU
		{1B828DBC-7AB2-417F-8EEF-1C8D252358B2}.Debug|Any CPU.Build.0 = Debug|Any CPU
		{1B828DBC-7AB2-417F-8EEF-1C8D252358B2}.Release|Any CPU.ActiveCfg = Release|Any CPU
		{1B828DBC-7AB2-417F-8EEF-1C8D252358B2}.Release|Any CPU.Build.0 = Release|Any CPU
	EndGlobalSection
	GlobalSection(NestedProjects) = preSolution
		{2DFBEE63-4FCF-4743-A5CE-273545EF566F} = {6F6607B6-89B6-477D-B528-2AF9E394CE04}
		{5FC5C723-1631-4501-90CA-A690A92F433E} = {6F6607B6-89B6-477D-B528-2AF9E394CE04}
		{CE16D145-5A7B-48BF-A7C4-037D734D40C4} = {33FE39B7-CAFF-4D84-8ED7-1A6C2C667867}
		{1B828DBC-7AB2-417F-8EEF-1C8D252358B2} = {D02878E0-C86F-42A8-9A35-949F2BE5EF0B}
	EndGlobalSection
EndGlobal
